
Microsoft Visual Studio Solution File, Format Version 12.00
# Visual Studio Version 16
VisualStudioVersion = 16.0.29905.134
MinimumVisualStudioVersion = 10.0.40219.1
Project("{9A19103F-16F7-4668-BE54-9A1E7A4F7556}") = "EventFeeds", "EventFeeds\EventFeeds.csproj", "{E5E88844-54C9-4D27-9A58-D0A7DD483A6E}"
EndProject
Project("{9A19103F-16F7-4668-BE54-9A1E7A4F7556}") = "EventFeeds.Tests", "EventFeeds.Tests\EventFeeds.Tests.csproj", "{B9950103-A3A6-4746-963A-B45A2F1F753D}"
EndProject
Project("{2150E333-8FDC-42A3-9474-1A3956D46DE8}") = "Solution Items", "Solution Items", "{DB91F23C-46CF-49ED-9FD2-31462F7B20FD}"
	ProjectSection(SolutionItems) = preProject
		.editorconfig = .editorconfig
	EndProjectSection
EndProject
Global
	GlobalSection(SolutionConfigurationPlatforms) = preSolution
		Debug|Any CPU = Debug|Any CPU
		Release|Any CPU = Release|Any CPU
	EndGlobalSection
	GlobalSection(ProjectConfigurationPlatforms) = postSolution
		{E5E88844-54C9-4D27-9A58-D0A7DD483A6E}.Debug|Any CPU.ActiveCfg = Debug|Any CPU
		{E5E88844-54C9-4D27-9A58-D0A7DD483A6E}.Debug|Any CPU.Build.0 = Debug|Any CPU
		{E5E88844-54C9-4D27-9A58-D0A7DD483A6E}.Release|Any CPU.ActiveCfg = Release|Any CPU
		{E5E88844-54C9-4D27-9A58-D0A7DD483A6E}.Release|Any CPU.Build.0 = Release|Any CPU
		{B9950103-A3A6-4746-963A-B45A2F1F753D}.Debug|Any CPU.ActiveCfg = Debug|Any CPU
		{B9950103-A3A6-4746-963A-B45A2F1F753D}.Debug|Any CPU.Build.0 = Debug|Any CPU
		{B9950103-A3A6-4746-963A-B45A2F1F753D}.Release|Any CPU.ActiveCfg = Release|Any CPU
		{B9950103-A3A6-4746-963A-B45A2F1F753D}.Release|Any CPU.Build.0 = Release|Any CPU
	EndGlobalSection
	GlobalSection(SolutionProperties) = preSolution
		HideSolutionNode = FALSE
	EndGlobalSection
	GlobalSection(ExtensibilityGlobals) = postSolution
		SolutionGuid = {874C9AE0-E9A5-4AD5-A6F3-92B4D7D018EE}
	EndGlobalSection
EndGlobal
